
Microsoft Visual Studio Solution File, Format Version 12.00
# Visual Studio 15
VisualStudioVersion = 15.0.28307.421
MinimumVisualStudioVersion = 10.0.40219.1
Project("{FAE04EC0-301F-11D3-BF4B-00C04F79EFBC}") = "Smartphones", "Smartphones\Smartphones.csproj", "{65E96AF8-DE78-49F8-A150-FAA3EA96E461}"
EndProject
Global
	GlobalSection(SolutionConfigurationPlatforms) = preSolution
		Debug|Any CPU = Debug|Any CPU
		Release|Any CPU = Release|Any CPU
	EndGlobalSection
	GlobalSection(ProjectConfigurationPlatforms) = postSolution
		{65E96AF8-DE78-49F8-A150-FAA3EA96E461}.Debug|Any CPU.ActiveCfg = Debug|Any CPU
		{65E96AF8-DE78-49F8-A150-FAA3EA96E461}.Debug|Any CPU.Build.0 = Debug|Any CPU
		{65E96AF8-DE78-49F8-A150-FAA3EA96E461}.Release|Any CPU.ActiveCfg = Release|Any CPU
		{65E96AF8-DE78-49F8-A150-FAA3EA96E461}.Release|Any CPU.Build.0 = Release|Any CPU
	EndGlobalSection
	GlobalSection(SolutionProperties) = preSolution
		HideSolutionNode = FALSE
	EndGlobalSection
	GlobalSection(ExtensibilityGlobals) = postSolution
		SolutionGuid = {D5C9F8EA-698B-49ED-A828-C74DD9C14061}
	EndGlobalSection
EndGlobal
