
Microsoft Visual Studio Solution File, Format Version 12.00
# Visual Studio 15
VisualStudioVersion = 15.0.28307.421
MinimumVisualStudioVersion = 10.0.40219.1
Project("{FAE04EC0-301F-11D3-BF4B-00C04F79EFBC}") = "Parc auto", "Parc auto\Parc auto.csproj", "{0E2D8676-25B7-4BA1-BD78-CC3F150F3170}"
EndProject
Global
	GlobalSection(SolutionConfigurationPlatforms) = preSolution
		Debug|Any CPU = Debug|Any CPU
		Release|Any CPU = Release|Any CPU
	EndGlobalSection
	GlobalSection(ProjectConfigurationPlatforms) = postSolution
		{0E2D8676-25B7-4BA1-BD78-CC3F150F3170}.Debug|Any CPU.ActiveCfg = Debug|Any CPU
		{0E2D8676-25B7-4BA1-BD78-CC3F150F3170}.Debug|Any CPU.Build.0 = Debug|Any CPU
		{0E2D8676-25B7-4BA1-BD78-CC3F150F3170}.Release|Any CPU.ActiveCfg = Release|Any CPU
		{0E2D8676-25B7-4BA1-BD78-CC3F150F3170}.Release|Any CPU.Build.0 = Release|Any CPU
	EndGlobalSection
	GlobalSection(SolutionProperties) = preSolution
		HideSolutionNode = FALSE
	EndGlobalSection
	GlobalSection(ExtensibilityGlobals) = postSolution
		SolutionGuid = {B89CE268-F38D-4B0C-A0C3-15590557041A}
	EndGlobalSection
EndGlobal
