
Microsoft Visual Studio Solution File, Format Version 12.00
# Visual Studio 15
VisualStudioVersion = 15.0.28307.421
MinimumVisualStudioVersion = 10.0.40219.1
Project("{FAE04EC0-301F-11D3-BF4B-00C04F79EFBC}") = "Unitate turistica", "Unitate turistica\Unitate turistica.csproj", "{2EAD7189-EC1A-4ABE-B721-D2B07D4F4ABC}"
EndProject
Global
	GlobalSection(SolutionConfigurationPlatforms) = preSolution
		Debug|Any CPU = Debug|Any CPU
		Release|Any CPU = Release|Any CPU
	EndGlobalSection
	GlobalSection(ProjectConfigurationPlatforms) = postSolution
		{2EAD7189-EC1A-4ABE-B721-D2B07D4F4ABC}.Debug|Any CPU.ActiveCfg = Debug|Any CPU
		{2EAD7189-EC1A-4ABE-B721-D2B07D4F4ABC}.Debug|Any CPU.Build.0 = Debug|Any CPU
		{2EAD7189-EC1A-4ABE-B721-D2B07D4F4ABC}.Release|Any CPU.ActiveCfg = Release|Any CPU
		{2EAD7189-EC1A-4ABE-B721-D2B07D4F4ABC}.Release|Any CPU.Build.0 = Release|Any CPU
	EndGlobalSection
	GlobalSection(SolutionProperties) = preSolution
		HideSolutionNode = FALSE
	EndGlobalSection
	GlobalSection(ExtensibilityGlobals) = postSolution
		SolutionGuid = {BC1CCFE5-0121-4E2D-B78E-E77A19C1C832}
	EndGlobalSection
EndGlobal
