
Microsoft Visual Studio Solution File, Format Version 12.00
# Visual Studio 15
VisualStudioVersion = 15.0.28307.421
MinimumVisualStudioVersion = 10.0.40219.1
Project("{FAE04EC0-301F-11D3-BF4B-00C04F79EFBC}") = "Cabinet medical", "Cabinet medical\Cabinet medical.csproj", "{996B08D6-D0CA-49C1-A890-A6F2BDCDFCDA}"
EndProject
Global
	GlobalSection(SolutionConfigurationPlatforms) = preSolution
		Debug|Any CPU = Debug|Any CPU
		Release|Any CPU = Release|Any CPU
	EndGlobalSection
	GlobalSection(ProjectConfigurationPlatforms) = postSolution
		{996B08D6-D0CA-49C1-A890-A6F2BDCDFCDA}.Debug|Any CPU.ActiveCfg = Debug|Any CPU
		{996B08D6-D0CA-49C1-A890-A6F2BDCDFCDA}.Debug|Any CPU.Build.0 = Debug|Any CPU
		{996B08D6-D0CA-49C1-A890-A6F2BDCDFCDA}.Release|Any CPU.ActiveCfg = Release|Any CPU
		{996B08D6-D0CA-49C1-A890-A6F2BDCDFCDA}.Release|Any CPU.Build.0 = Release|Any CPU
	EndGlobalSection
	GlobalSection(SolutionProperties) = preSolution
		HideSolutionNode = FALSE
	EndGlobalSection
	GlobalSection(ExtensibilityGlobals) = postSolution
		SolutionGuid = {27A2A049-6D9D-43C2-9F0A-2741A2975193}
	EndGlobalSection
EndGlobal
