
Microsoft Visual Studio Solution File, Format Version 12.00
# Visual Studio 15
VisualStudioVersion = 15.0.28307.421
MinimumVisualStudioVersion = 10.0.40219.1
Project("{FAE04EC0-301F-11D3-BF4B-00C04F79EFBC}") = "Parcare auto", "Parcare auto\Parcare auto.csproj", "{386738F6-8274-45A0-92DE-61590E3793C4}"
EndProject
Global
	GlobalSection(SolutionConfigurationPlatforms) = preSolution
		Debug|Any CPU = Debug|Any CPU
		Release|Any CPU = Release|Any CPU
	EndGlobalSection
	GlobalSection(ProjectConfigurationPlatforms) = postSolution
		{386738F6-8274-45A0-92DE-61590E3793C4}.Debug|Any CPU.ActiveCfg = Debug|Any CPU
		{386738F6-8274-45A0-92DE-61590E3793C4}.Debug|Any CPU.Build.0 = Debug|Any CPU
		{386738F6-8274-45A0-92DE-61590E3793C4}.Release|Any CPU.ActiveCfg = Release|Any CPU
		{386738F6-8274-45A0-92DE-61590E3793C4}.Release|Any CPU.Build.0 = Release|Any CPU
	EndGlobalSection
	GlobalSection(SolutionProperties) = preSolution
		HideSolutionNode = FALSE
	EndGlobalSection
	GlobalSection(ExtensibilityGlobals) = postSolution
		SolutionGuid = {CDAD9F72-C55A-4091-9D28-A02EFF6B6324}
	EndGlobalSection
EndGlobal
